
Microsoft Visual Studio Solution File, Format Version 12.00
# Visual Studio Version 17
VisualStudioVersion = 17.7.34202.233
MinimumVisualStudioVersion = 10.0.40219.1
Project("{9A19103F-16F7-4668-BE54-9A1E7A4F7556}") = "Exo-00-intro", "Exo-00-intro\Exo-00-intro.csproj", "{713C4934-C33E-42CB-AFBD-9D2F235F262E}"
EndProject
Project("{9A19103F-16F7-4668-BE54-9A1E7A4F7556}") = "Demo-Variable-Type", "Demo-Variable-Type\Demo-Variable-Type.csproj", "{688C3B58-8EB2-446F-AE1F-A68620BD36C9}"
EndProject
Project("{9A19103F-16F7-4668-BE54-9A1E7A4F7556}") = "Demo-Variable-Conversion", "Demo-Variable-Conversion\Demo-Variable-Conversion.csproj", "{D559F5E2-BC70-42D4-A5B3-7FBB7B824BE6}"
EndProject
Project("{2150E333-8FDC-42A3-9474-1A3956D46DE8}") = "Demos", "Demos", "{25BB5BED-27B9-44D6-A16C-770976E50796}"
EndProject
Project("{2150E333-8FDC-42A3-9474-1A3956D46DE8}") = "Exos", "Exos", "{7EFBBB64-1BB0-4CF3-9E40-985293CB34D8}"
EndProject
Project("{9A19103F-16F7-4668-BE54-9A1E7A4F7556}") = "Exo-01-Conversion", "Exo-01-Conversion\Exo-01-Conversion.csproj", "{DA46C23B-EE13-4905-B06A-50C59939F10E}"
EndProject
Project("{9A19103F-16F7-4668-BE54-9A1E7A4F7556}") = "Exo-02-Condition", "Exo-02-Condition\Exo-02-Condition.csproj", "{DE77DF74-A48B-4138-ADA7-1C7CAC71B606}"
EndProject
Project("{9A19103F-16F7-4668-BE54-9A1E7A4F7556}") = "Demo-Operator-IncrementDecrement", "Demo-Operator-IncrementDecrement\Demo-Operator-IncrementDecrement.csproj", "{B6DFCF35-D89D-4338-9684-3780A253FBB4}"
EndProject
Project("{9A19103F-16F7-4668-BE54-9A1E7A4F7556}") = "Demo-Operator-Ternary", "Demo-Operator-Ternary\Demo-Operator-Ternary.csproj", "{AEA92F68-56E6-4A98-A958-3C7439885F3F}"
EndProject
Project("{9A19103F-16F7-4668-BE54-9A1E7A4F7556}") = "Exo-04-Operator", "Exo-04-Operator\Exo-04-Operator.csproj", "{CC7B2F06-3A31-4635-91C4-6B4E08BD0A11}"
EndProject
Project("{9A19103F-16F7-4668-BE54-9A1E7A4F7556}") = "Demo-Function-Substring", "Demo-Function-Substring\Demo-Function-Substring.csproj", "{D70D211C-78F6-4030-BAD3-EA2C7CE67F8C}"
EndProject
Project("{9A19103F-16F7-4668-BE54-9A1E7A4F7556}") = "Exo-05-Operator-Substring", "Exo-05-Operator-Substring\Exo-05-Operator-Substring.csproj", "{D9006648-444D-41FD-AA09-A03D83EF620E}"
EndProject
Project("{9A19103F-16F7-4668-BE54-9A1E7A4F7556}") = "Demo-Loops-WhileDoWhile", "Demo-Loops-WhileDoWhile\Demo-Loops-WhileDoWhile.csproj", "{4CDEE240-1197-4C25-9E60-42C6056A3F6F}"
EndProject
Project("{9A19103F-16F7-4668-BE54-9A1E7A4F7556}") = "Exo-Loops-01", "Exo-Loops-01\Exo-Loops-01.csproj", "{7593E215-71E4-420B-88AC-8077F460026A}"
EndProject
Project("{9A19103F-16F7-4668-BE54-9A1E7A4F7556}") = "Exo-Loops-02", "Exo-Loops-02\Exo-Loops-02.csproj", "{4C269230-F29A-4D61-AFE1-8B1A102698E4}"
EndProject
Project("{9A19103F-16F7-4668-BE54-9A1E7A4F7556}") = "Exo-Loops-03", "Exo-Loops-03\Exo-Loops-03.csproj", "{9C75038E-60EA-4868-8EB5-CA078825DA13}"
EndProject
Project("{9A19103F-16F7-4668-BE54-9A1E7A4F7556}") = "Exo-Loops-04", "Exo-Loops-04\Exo-Loops-04.csproj", "{A23AE371-3C8F-4999-A2F5-33A389583EF5}"
EndProject
Project("{9A19103F-16F7-4668-BE54-9A1E7A4F7556}") = "Exo-Loops-05", "Exo-Loops-05\Exo-Loops-05.csproj", "{E306DA49-7EE9-4BD8-8BB0-E73F3B737E78}"
EndProject
Project("{9A19103F-16F7-4668-BE54-9A1E7A4F7556}") = "Demo-Loops-foreach", "Demo-Loops-foreach\Demo-Loops-foreach.csproj", "{33D025F9-9708-44C8-9CCF-1990013F59C6}"
EndProject
Project("{9A19103F-16F7-4668-BE54-9A1E7A4F7556}") = "Demo-Array-MultiDimension", "Demo-Array-MultiDimension\Demo-Array-MultiDimension.csproj", "{3FD8FCC1-F2DE-4BD4-89E3-C929E7BAB44E}"
EndProject
Project("{9A19103F-16F7-4668-BE54-9A1E7A4F7556}") = "Demo-Collections-Dictionary", "Demo-Collections-Dictionary\Demo-Collections-Dictionary.csproj", "{987C1037-88C6-4A64-B28E-8CAA510C4B47}"
EndProject
Project("{9A19103F-16F7-4668-BE54-9A1E7A4F7556}") = "Exo-Collection-01", "Exo-Collection-01\Exo-Collection-01.csproj", "{A25842B3-1EE7-40DA-BC19-496A4BD898A3}"
EndProject
Project("{9A19103F-16F7-4668-BE54-9A1E7A4F7556}") = "Exo-Collection-02", "Exo-Collection-02\Exo-Collection-02.csproj", "{9455C4A7-AD26-46B0-BA74-8DC8AA6BFB72}"
EndProject
Project("{9A19103F-16F7-4668-BE54-9A1E7A4F7556}") = "Exo-Collection-03", "Exo-Collection-03\Exo-Collection-03.csproj", "{00AFDB9C-8DAB-4718-8C63-7431ED19B8F2}"
EndProject
Project("{9A19103F-16F7-4668-BE54-9A1E7A4F7556}") = "Exo-Collection-Dictionary-04", "Exo-Collection-Dictionary-04\Exo-Collection-Dictionary-04.csproj", "{AB5CB471-A139-49F8-8E72-562AD048C696}"
EndProject
Project("{9A19103F-16F7-4668-BE54-9A1E7A4F7556}") = "Demo-Struc-Heure", "Demo-Struc-Heure\Demo-Struc-Heure.csproj", "{6A052829-74D2-40BB-BF09-2DF97B4B934D}"
EndProject
Project("{FAE04EC0-301F-11D3-BF4B-00C04F79EFBC}") = "Exo-struc-01", "Exo-struc-01\Exo-struc-01.csproj", "{25BCA83B-0443-4B6E-8BC7-48B437900A86}"
EndProject
Global
	GlobalSection(SolutionConfigurationPlatforms) = preSolution
		Debug|Any CPU = Debug|Any CPU
		Release|Any CPU = Release|Any CPU
	EndGlobalSection
	GlobalSection(ProjectConfigurationPlatforms) = postSolution
		{713C4934-C33E-42CB-AFBD-9D2F235F262E}.Debug|Any CPU.ActiveCfg = Debug|Any CPU
		{713C4934-C33E-42CB-AFBD-9D2F235F262E}.Debug|Any CPU.Build.0 = Debug|Any CPU
		{713C4934-C33E-42CB-AFBD-9D2F235F262E}.Release|Any CPU.ActiveCfg = Release|Any CPU
		{713C4934-C33E-42CB-AFBD-9D2F235F262E}.Release|Any CPU.Build.0 = Release|Any CPU
		{688C3B58-8EB2-446F-AE1F-A68620BD36C9}.Debug|Any CPU.ActiveCfg = Debug|Any CPU
		{688C3B58-8EB2-446F-AE1F-A68620BD36C9}.Debug|Any CPU.Build.0 = Debug|Any CPU
		{688C3B58-8EB2-446F-AE1F-A68620BD36C9}.Release|Any CPU.ActiveCfg = Release|Any CPU
		{688C3B58-8EB2-446F-AE1F-A68620BD36C9}.Release|Any CPU.Build.0 = Release|Any CPU
		{D559F5E2-BC70-42D4-A5B3-7FBB7B824BE6}.Debug|Any CPU.ActiveCfg = Debug|Any CPU
		{D559F5E2-BC70-42D4-A5B3-7FBB7B824BE6}.Debug|Any CPU.Build.0 = Debug|Any CPU
		{D559F5E2-BC70-42D4-A5B3-7FBB7B824BE6}.Release|Any CPU.ActiveCfg = Release|Any CPU
		{D559F5E2-BC70-42D4-A5B3-7FBB7B824BE6}.Release|Any CPU.Build.0 = Release|Any CPU
		{DA46C23B-EE13-4905-B06A-50C59939F10E}.Debug|Any CPU.ActiveCfg = Debug|Any CPU
		{DA46C23B-EE13-4905-B06A-50C59939F10E}.Debug|Any CPU.Build.0 = Debug|Any CPU
		{DA46C23B-EE13-4905-B06A-50C59939F10E}.Release|Any CPU.ActiveCfg = Release|Any CPU
		{DA46C23B-EE13-4905-B06A-50C59939F10E}.Release|Any CPU.Build.0 = Release|Any CPU
		{DE77DF74-A48B-4138-ADA7-1C7CAC71B606}.Debug|Any CPU.ActiveCfg = Debug|Any CPU
		{DE77DF74-A48B-4138-ADA7-1C7CAC71B606}.Debug|Any CPU.Build.0 = Debug|Any CPU
		{DE77DF74-A48B-4138-ADA7-1C7CAC71B606}.Release|Any CPU.ActiveCfg = Release|Any CPU
		{DE77DF74-A48B-4138-ADA7-1C7CAC71B606}.Release|Any CPU.Build.0 = Release|Any CPU
		{B6DFCF35-D89D-4338-9684-3780A253FBB4}.Debug|Any CPU.ActiveCfg = Debug|Any CPU
		{B6DFCF35-D89D-4338-9684-3780A253FBB4}.Debug|Any CPU.Build.0 = Debug|Any CPU
		{B6DFCF35-D89D-4338-9684-3780A253FBB4}.Release|Any CPU.ActiveCfg = Release|Any CPU
		{B6DFCF35-D89D-4338-9684-3780A253FBB4}.Release|Any CPU.Build.0 = Release|Any CPU
		{AEA92F68-56E6-4A98-A958-3C7439885F3F}.Debug|Any CPU.ActiveCfg = Debug|Any CPU
		{AEA92F68-56E6-4A98-A958-3C7439885F3F}.Debug|Any CPU.Build.0 = Debug|Any CPU
		{AEA92F68-56E6-4A98-A958-3C7439885F3F}.Release|Any CPU.ActiveCfg = Release|Any CPU
		{AEA92F68-56E6-4A98-A958-3C7439885F3F}.Release|Any CPU.Build.0 = Release|Any CPU
		{CC7B2F06-3A31-4635-91C4-6B4E08BD0A11}.Debug|Any CPU.ActiveCfg = Debug|Any CPU
		{CC7B2F06-3A31-4635-91C4-6B4E08BD0A11}.Debug|Any CPU.Build.0 = Debug|Any CPU
		{CC7B2F06-3A31-4635-91C4-6B4E08BD0A11}.Release|Any CPU.ActiveCfg = Release|Any CPU
		{CC7B2F06-3A31-4635-91C4-6B4E08BD0A11}.Release|Any CPU.Build.0 = Release|Any CPU
		{D70D211C-78F6-4030-BAD3-EA2C7CE67F8C}.Debug|Any CPU.ActiveCfg = Debug|Any CPU
		{D70D211C-78F6-4030-BAD3-EA2C7CE67F8C}.Debug|Any CPU.Build.0 = Debug|Any CPU
		{D70D211C-78F6-4030-BAD3-EA2C7CE67F8C}.Release|Any CPU.ActiveCfg = Release|Any CPU
		{D70D211C-78F6-4030-BAD3-EA2C7CE67F8C}.Release|Any CPU.Build.0 = Release|Any CPU
		{D9006648-444D-41FD-AA09-A03D83EF620E}.Debug|Any CPU.ActiveCfg = Debug|Any CPU
		{D9006648-444D-41FD-AA09-A03D83EF620E}.Debug|Any CPU.Build.0 = Debug|Any CPU
		{D9006648-444D-41FD-AA09-A03D83EF620E}.Release|Any CPU.ActiveCfg = Release|Any CPU
		{D9006648-444D-41FD-AA09-A03D83EF620E}.Release|Any CPU.Build.0 = Release|Any CPU
		{4CDEE240-1197-4C25-9E60-42C6056A3F6F}.Debug|Any CPU.ActiveCfg = Debug|Any CPU
		{4CDEE240-1197-4C25-9E60-42C6056A3F6F}.Debug|Any CPU.Build.0 = Debug|Any CPU
		{4CDEE240-1197-4C25-9E60-42C6056A3F6F}.Release|Any CPU.ActiveCfg = Release|Any CPU
		{4CDEE240-1197-4C25-9E60-42C6056A3F6F}.Release|Any CPU.Build.0 = Release|Any CPU
		{7593E215-71E4-420B-88AC-8077F460026A}.Debug|Any CPU.ActiveCfg = Debug|Any CPU
		{7593E215-71E4-420B-88AC-8077F460026A}.Debug|Any CPU.Build.0 = Debug|Any CPU
		{7593E215-71E4-420B-88AC-8077F460026A}.Release|Any CPU.ActiveCfg = Release|Any CPU
		{7593E215-71E4-420B-88AC-8077F460026A}.Release|Any CPU.Build.0 = Release|Any CPU
		{4C269230-F29A-4D61-AFE1-8B1A102698E4}.Debug|Any CPU.ActiveCfg = Debug|Any CPU
		{4C269230-F29A-4D61-AFE1-8B1A102698E4}.Debug|Any CPU.Build.0 = Debug|Any CPU
		{4C269230-F29A-4D61-AFE1-8B1A102698E4}.Release|Any CPU.ActiveCfg = Release|Any CPU
		{4C269230-F29A-4D61-AFE1-8B1A102698E4}.Release|Any CPU.Build.0 = Release|Any CPU
		{9C75038E-60EA-4868-8EB5-CA078825DA13}.Debug|Any CPU.ActiveCfg = Debug|Any CPU
		{9C75038E-60EA-4868-8EB5-CA078825DA13}.Debug|Any CPU.Build.0 = Debug|Any CPU
		{9C75038E-60EA-4868-8EB5-CA078825DA13}.Release|Any CPU.ActiveCfg = Release|Any CPU
		{9C75038E-60EA-4868-8EB5-CA078825DA13}.Release|Any CPU.Build.0 = Release|Any CPU
		{A23AE371-3C8F-4999-A2F5-33A389583EF5}.Debug|Any CPU.ActiveCfg = Debug|Any CPU
		{A23AE371-3C8F-4999-A2F5-33A389583EF5}.Debug|Any CPU.Build.0 = Debug|Any CPU
		{A23AE371-3C8F-4999-A2F5-33A389583EF5}.Release|Any CPU.ActiveCfg = Release|Any CPU
		{A23AE371-3C8F-4999-A2F5-33A389583EF5}.Release|Any CPU.Build.0 = Release|Any CPU
		{E306DA49-7EE9-4BD8-8BB0-E73F3B737E78}.Debug|Any CPU.ActiveCfg = Debug|Any CPU
		{E306DA49-7EE9-4BD8-8BB0-E73F3B737E78}.Debug|Any CPU.Build.0 = Debug|Any CPU
		{E306DA49-7EE9-4BD8-8BB0-E73F3B737E78}.Release|Any CPU.ActiveCfg = Release|Any CPU
		{E306DA49-7EE9-4BD8-8BB0-E73F3B737E78}.Release|Any CPU.Build.0 = Release|Any CPU
		{33D025F9-9708-44C8-9CCF-1990013F59C6}.Debug|Any CPU.ActiveCfg = Debug|Any CPU
		{33D025F9-9708-44C8-9CCF-1990013F59C6}.Debug|Any CPU.Build.0 = Debug|Any CPU
		{33D025F9-9708-44C8-9CCF-1990013F59C6}.Release|Any CPU.ActiveCfg = Release|Any CPU
		{33D025F9-9708-44C8-9CCF-1990013F59C6}.Release|Any CPU.Build.0 = Release|Any CPU
		{3FD8FCC1-F2DE-4BD4-89E3-C929E7BAB44E}.Debug|Any CPU.ActiveCfg = Debug|Any CPU
		{3FD8FCC1-F2DE-4BD4-89E3-C929E7BAB44E}.Debug|Any CPU.Build.0 = Debug|Any CPU
		{3FD8FCC1-F2DE-4BD4-89E3-C929E7BAB44E}.Release|Any CPU.ActiveCfg = Release|Any CPU
		{3FD8FCC1-F2DE-4BD4-89E3-C929E7BAB44E}.Release|Any CPU.Build.0 = Release|Any CPU
		{987C1037-88C6-4A64-B28E-8CAA510C4B47}.Debug|Any CPU.ActiveCfg = Debug|Any CPU
		{987C1037-88C6-4A64-B28E-8CAA510C4B47}.Debug|Any CPU.Build.0 = Debug|Any CPU
		{987C1037-88C6-4A64-B28E-8CAA510C4B47}.Release|Any CPU.ActiveCfg = Release|Any CPU
		{987C1037-88C6-4A64-B28E-8CAA510C4B47}.Release|Any CPU.Build.0 = Release|Any CPU
		{A25842B3-1EE7-40DA-BC19-496A4BD898A3}.Debug|Any CPU.ActiveCfg = Debug|Any CPU
		{A25842B3-1EE7-40DA-BC19-496A4BD898A3}.Debug|Any CPU.Build.0 = Debug|Any CPU
		{A25842B3-1EE7-40DA-BC19-496A4BD898A3}.Release|Any CPU.ActiveCfg = Release|Any CPU
		{A25842B3-1EE7-40DA-BC19-496A4BD898A3}.Release|Any CPU.Build.0 = Release|Any CPU
		{9455C4A7-AD26-46B0-BA74-8DC8AA6BFB72}.Debug|Any CPU.ActiveCfg = Debug|Any CPU
		{9455C4A7-AD26-46B0-BA74-8DC8AA6BFB72}.Debug|Any CPU.Build.0 = Debug|Any CPU
		{9455C4A7-AD26-46B0-BA74-8DC8AA6BFB72}.Release|Any CPU.ActiveCfg = Release|Any CPU
		{9455C4A7-AD26-46B0-BA74-8DC8AA6BFB72}.Release|Any CPU.Build.0 = Release|Any CPU
		{00AFDB9C-8DAB-4718-8C63-7431ED19B8F2}.Debug|Any CPU.ActiveCfg = Debug|Any CPU
		{00AFDB9C-8DAB-4718-8C63-7431ED19B8F2}.Debug|Any CPU.Build.0 = Debug|Any CPU
		{00AFDB9C-8DAB-4718-8C63-7431ED19B8F2}.Release|Any CPU.ActiveCfg = Release|Any CPU
		{00AFDB9C-8DAB-4718-8C63-7431ED19B8F2}.Release|Any CPU.Build.0 = Release|Any CPU
		{AB5CB471-A139-49F8-8E72-562AD048C696}.Debug|Any CPU.ActiveCfg = Debug|Any CPU
		{AB5CB471-A139-49F8-8E72-562AD048C696}.Debug|Any CPU.Build.0 = Debug|Any CPU
		{AB5CB471-A139-49F8-8E72-562AD048C696}.Release|Any CPU.ActiveCfg = Release|Any CPU
		{AB5CB471-A139-49F8-8E72-562AD048C696}.Release|Any CPU.Build.0 = Release|Any CPU
		{6A052829-74D2-40BB-BF09-2DF97B4B934D}.Debug|Any CPU.ActiveCfg = Debug|Any CPU
		{6A052829-74D2-40BB-BF09-2DF97B4B934D}.Debug|Any CPU.Build.0 = Debug|Any CPU
		{6A052829-74D2-40BB-BF09-2DF97B4B934D}.Release|Any CPU.ActiveCfg = Release|Any CPU
		{6A052829-74D2-40BB-BF09-2DF97B4B934D}.Release|Any CPU.Build.0 = Release|Any CPU
		{25BCA83B-0443-4B6E-8BC7-48B437900A86}.Debug|Any CPU.ActiveCfg = Debug|Any CPU
		{25BCA83B-0443-4B6E-8BC7-48B437900A86}.Debug|Any CPU.Build.0 = Debug|Any CPU
		{25BCA83B-0443-4B6E-8BC7-48B437900A86}.Release|Any CPU.ActiveCfg = Release|Any CPU
		{25BCA83B-0443-4B6E-8BC7-48B437900A86}.Release|Any CPU.Build.0 = Release|Any CPU
	EndGlobalSection
	GlobalSection(SolutionProperties) = preSolution
		HideSolutionNode = FALSE
	EndGlobalSection
	GlobalSection(NestedProjects) = preSolution
		{713C4934-C33E-42CB-AFBD-9D2F235F262E} = {7EFBBB64-1BB0-4CF3-9E40-985293CB34D8}
		{688C3B58-8EB2-446F-AE1F-A68620BD36C9} = {25BB5BED-27B9-44D6-A16C-770976E50796}
		{D559F5E2-BC70-42D4-A5B3-7FBB7B824BE6} = {25BB5BED-27B9-44D6-A16C-770976E50796}
		{DA46C23B-EE13-4905-B06A-50C59939F10E} = {7EFBBB64-1BB0-4CF3-9E40-985293CB34D8}
		{DE77DF74-A48B-4138-ADA7-1C7CAC71B606} = {7EFBBB64-1BB0-4CF3-9E40-985293CB34D8}
		{B6DFCF35-D89D-4338-9684-3780A253FBB4} = {25BB5BED-27B9-44D6-A16C-770976E50796}
		{AEA92F68-56E6-4A98-A958-3C7439885F3F} = {25BB5BED-27B9-44D6-A16C-770976E50796}
		{CC7B2F06-3A31-4635-91C4-6B4E08BD0A11} = {7EFBBB64-1BB0-4CF3-9E40-985293CB34D8}
		{D70D211C-78F6-4030-BAD3-EA2C7CE67F8C} = {25BB5BED-27B9-44D6-A16C-770976E50796}
		{D9006648-444D-41FD-AA09-A03D83EF620E} = {7EFBBB64-1BB0-4CF3-9E40-985293CB34D8}
		{4CDEE240-1197-4C25-9E60-42C6056A3F6F} = {25BB5BED-27B9-44D6-A16C-770976E50796}
		{7593E215-71E4-420B-88AC-8077F460026A} = {7EFBBB64-1BB0-4CF3-9E40-985293CB34D8}
		{4C269230-F29A-4D61-AFE1-8B1A102698E4} = {7EFBBB64-1BB0-4CF3-9E40-985293CB34D8}
		{9C75038E-60EA-4868-8EB5-CA078825DA13} = {7EFBBB64-1BB0-4CF3-9E40-985293CB34D8}
		{A23AE371-3C8F-4999-A2F5-33A389583EF5} = {7EFBBB64-1BB0-4CF3-9E40-985293CB34D8}
		{E306DA49-7EE9-4BD8-8BB0-E73F3B737E78} = {7EFBBB64-1BB0-4CF3-9E40-985293CB34D8}
		{33D025F9-9708-44C8-9CCF-1990013F59C6} = {25BB5BED-27B9-44D6-A16C-770976E50796}
		{3FD8FCC1-F2DE-4BD4-89E3-C929E7BAB44E} = {25BB5BED-27B9-44D6-A16C-770976E50796}
		{987C1037-88C6-4A64-B28E-8CAA510C4B47} = {25BB5BED-27B9-44D6-A16C-770976E50796}
		{A25842B3-1EE7-40DA-BC19-496A4BD898A3} = {7EFBBB64-1BB0-4CF3-9E40-985293CB34D8}
		{9455C4A7-AD26-46B0-BA74-8DC8AA6BFB72} = {7EFBBB64-1BB0-4CF3-9E40-985293CB34D8}
		{00AFDB9C-8DAB-4718-8C63-7431ED19B8F2} = {7EFBBB64-1BB0-4CF3-9E40-985293CB34D8}
		{AB5CB471-A139-49F8-8E72-562AD048C696} = {7EFBBB64-1BB0-4CF3-9E40-985293CB34D8}
		{6A052829-74D2-40BB-BF09-2DF97B4B934D} = {25BB5BED-27B9-44D6-A16C-770976E50796}
		{25BCA83B-0443-4B6E-8BC7-48B437900A86} = {7EFBBB64-1BB0-4CF3-9E40-985293CB34D8}
	EndGlobalSection
	GlobalSection(ExtensibilityGlobals) = postSolution
		SolutionGuid = {BADA62C2-3E72-4B7B-8E46-79F71181B270}
	EndGlobalSection
EndGlobal
